// !$*UTF8*$!
{
	archiveVersion = 1;
	classes = {
	};
	objectVersion = 46;
	objects = {

/* Begin PBXBuildFile section */
		287D0A721C4B7877004566D6 /* NotchKitExampleUITests.swift in Sources */ = {isa = PBXBuildFile; fileRef = 287D0A711C4B7877004566D6 /* NotchKitExampleUITests.swift */; };
		28F828D01C4B714D00330CF4 /* AppDelegate.swift in Sources */ = {isa = PBXBuildFile; fileRef = 28F828CF1C4B714D00330CF4 /* AppDelegate.swift */; };
		28F828D21C4B714D00330CF4 /* ViewController.swift in Sources */ = {isa = PBXBuildFile; fileRef = 28F828D11C4B714D00330CF4 /* ViewController.swift */; };
		28F828D71C4B714D00330CF4 /* Assets.xcassets in Resources */ = {isa = PBXBuildFile; fileRef = 28F828D61C4B714D00330CF4 /* Assets.xcassets */; };
		28F828DA1C4B714D00330CF4 /* LaunchScreen.storyboard in Resources */ = {isa = PBXBuildFile; fileRef = 28F828D81C4B714D00330CF4 /* LaunchScreen.storyboard */; };
		E81AA9131F6FBBB9003A1898 /* NotchKit.framework in Embed Frameworks */ = {isa = PBXBuildFile; fileRef = E8D0676B1F6D3F3D003B4E5D /* NotchKit.framework */; settings = {ATTRIBUTES = (CodeSignOnCopy, RemoveHeadersOnCopy, ); }; };
		E8D0676A1F6D3F3D003B4E5D /* NotchKit.framework in Frameworks */ = {isa = PBXBuildFile; fileRef = E8D0676B1F6D3F3D003B4E5D /* NotchKit.framework */; };
/* End PBXBuildFile section */

/* Begin PBXContainerItemProxy section */
		28F828E11C4B714D00330CF4 /* PBXContainerItemProxy */ = {
			isa = PBXContainerItemProxy;
			containerPortal = 28F828C41C4B714D00330CF4 /* Project object */;
			proxyType = 1;
			remoteGlobalIDString = 28F828CB1C4B714D00330CF4;
			remoteInfo = NotchKitExample;
		};
/* End PBXContainerItemProxy section */

/* Begin PBXCopyFilesBuildPhase section */
		287D0A811C4B7B55004566D6 /* Embed Frameworks */ = {
			isa = PBXCopyFilesBuildPhase;
			buildActionMask = 2147483647;
			dstPath = "";
			dstSubfolderSpec = 10;
			files = (
				E81AA9131F6FBBB9003A1898 /* NotchKit.framework in Embed Frameworks */,
			);
			name = "Embed Frameworks";
			runOnlyForDeploymentPostprocessing = 0;
		};
/* End PBXCopyFilesBuildPhase section */

/* Begin PBXFileReference section */
		287D0A711C4B7877004566D6 /* NotchKitExampleUITests.swift */ = {isa = PBXFileReference; fileEncoding = 4; lastKnownFileType = sourcecode.swift; path = NotchKitExampleUITests.swift; sourceTree = "<group>"; };
		28F828CC1C4B714D00330CF4 /* NotchKitExample.app */ = {isa = PBXFileReference; explicitFileType = wrapper.application; includeInIndex = 0; path = NotchKitExample.app; sourceTree = BUILT_PRODUCTS_DIR; };
		28F828CF1C4B714D00330CF4 /* AppDelegate.swift */ = {isa = PBXFileReference; lastKnownFileType = sourcecode.swift; path = AppDelegate.swift; sourceTree = "<group>"; };
		28F828D11C4B714D00330CF4 /* ViewController.swift */ = {isa = PBXFileReference; lastKnownFileType = sourcecode.swift; path = ViewController.swift; sourceTree = "<group>"; };
		28F828D61C4B714D00330CF4 /* Assets.xcassets */ = {isa = PBXFileReference; lastKnownFileType = folder.assetcatalog; path = Assets.xcassets; sourceTree = "<group>"; };
		28F828D91C4B714D00330CF4 /* Base */ = {isa = PBXFileReference; lastKnownFileType = file.storyboard; name = Base; path = Base.lproj/LaunchScreen.storyboard; sourceTree = "<group>"; };
		28F828DB1C4B714D00330CF4 /* Info.plist */ = {isa = PBXFileReference; lastKnownFileType = text.plist.xml; path = Info.plist; sourceTree = "<group>"; };
		28F828E01C4B714D00330CF4 /* NotchKitExampleUITests.xctest */ = {isa = PBXFileReference; explicitFileType = wrapper.cfbundle; includeInIndex = 0; path = NotchKitExampleUITests.xctest; sourceTree = BUILT_PRODUCTS_DIR; };
		28F828E61C4B714D00330CF4 /* Info.plist */ = {isa = PBXFileReference; lastKnownFileType = text.plist.xml; path = Info.plist; sourceTree = "<group>"; };
		E8D0676B1F6D3F3D003B4E5D /* NotchKit.framework */ = {isa = PBXFileReference; explicitFileType = wrapper.framework; path = NotchKit.framework; sourceTree = BUILT_PRODUCTS_DIR; };
/* End PBXFileReference section */

/* Begin PBXFrameworksBuildPhase section */
		28F828C91C4B714D00330CF4 /* Frameworks */ = {
			isa = PBXFrameworksBuildPhase;
			buildActionMask = 2147483647;
			files = (
				E8D0676A1F6D3F3D003B4E5D /* NotchKit.framework in Frameworks */,
			);
			runOnlyForDeploymentPostprocessing = 0;
		};
		28F828DD1C4B714D00330CF4 /* Frameworks */ = {
			isa = PBXFrameworksBuildPhase;
			buildActionMask = 2147483647;
			files = (
			);
			runOnlyForDeploymentPostprocessing = 0;
		};
/* End PBXFrameworksBuildPhase section */

/* Begin PBXGroup section */
		28F828C31C4B714D00330CF4 = {
			isa = PBXGroup;
			children = (
				28F828CE1C4B714D00330CF4 /* Sources */,
				28F828E31C4B714D00330CF4 /* Tests */,
				28F828CD1C4B714D00330CF4 /* Products */,
				E8D067691F6D3F3D003B4E5D /* Frameworks */,
			);
			sourceTree = "<group>";
		};
		28F828CD1C4B714D00330CF4 /* Products */ = {
			isa = PBXGroup;
			children = (
				28F828CC1C4B714D00330CF4 /* NotchKitExample.app */,
				28F828E01C4B714D00330CF4 /* NotchKitExampleUITests.xctest */,
			);
			name = Products;
			sourceTree = "<group>";
		};
		28F828CE1C4B714D00330CF4 /* Sources */ = {
			isa = PBXGroup;
			children = (
				28F828CF1C4B714D00330CF4 /* AppDelegate.swift */,
				28F828D11C4B714D00330CF4 /* ViewController.swift */,
				28F828D61C4B714D00330CF4 /* Assets.xcassets */,
				28F828D81C4B714D00330CF4 /* LaunchScreen.storyboard */,
				28F828DB1C4B714D00330CF4 /* Info.plist */,
			);
			path = Sources;
			sourceTree = "<group>";
		};
		28F828E31C4B714D00330CF4 /* Tests */ = {
			isa = PBXGroup;
			children = (
				28F828E61C4B714D00330CF4 /* Info.plist */,
				287D0A711C4B7877004566D6 /* NotchKitExampleUITests.swift */,
			);
			path = Tests;
			sourceTree = "<group>";
		};
		E8D067691F6D3F3D003B4E5D /* Frameworks */ = {
			isa = PBXGroup;
			children = (
				E8D0676B1F6D3F3D003B4E5D /* NotchKit.framework */,
			);
			name = Frameworks;
			sourceTree = "<group>";
		};
/* End PBXGroup section */

/* Begin PBXNativeTarget section */
		28F828CB1C4B714D00330CF4 /* NotchKitExample */ = {
			isa = PBXNativeTarget;
			buildConfigurationList = 28F828E91C4B714D00330CF4 /* Build configuration list for PBXNativeTarget "NotchKitExample" */;
			buildPhases = (
				28F828C81C4B714D00330CF4 /* Sources */,
				28F828C91C4B714D00330CF4 /* Frameworks */,
				28F828CA1C4B714D00330CF4 /* Resources */,
				287D0A811C4B7B55004566D6 /* Embed Frameworks */,
			);
			buildRules = (
			);
			dependencies = (
			);
			name = NotchKitExample;
			productName = NotchKitExample;
			productReference = 28F828CC1C4B714D00330CF4 /* NotchKitExample.app */;
			productType = "com.apple.product-type.application";
		};
		28F828DF1C4B714D00330CF4 /* NotchKitExampleUITests */ = {
			isa = PBXNativeTarget;
			buildConfigurationList = 28F828EC1C4B714D00330CF4 /* Build configuration list for PBXNativeTarget "NotchKitExampleUITests" */;
			buildPhases = (
				28F828DC1C4B714D00330CF4 /* Sources */,
				28F828DD1C4B714D00330CF4 /* Frameworks */,
				28F828DE1C4B714D00330CF4 /* Resources */,
			);
			buildRules = (
			);
			dependencies = (
				28F828E21C4B714D00330CF4 /* PBXTargetDependency */,
			);
			name = NotchKitExampleUITests;
			productName = NotchKitExampleUITests;
			productReference = 28F828E01C4B714D00330CF4 /* NotchKitExampleUITests.xctest */;
			productType = "com.apple.product-type.bundle.ui-testing";
		};
/* End PBXNativeTarget section */

/* Begin PBXProject section */
		28F828C41C4B714D00330CF4 /* Project object */ = {
			isa = PBXProject;
			attributes = {
				LastSwiftUpdateCheck = 0720;
				LastUpgradeCheck = 0800;
				TargetAttributes = {
					28F828CB1C4B714D00330CF4 = {
						CreatedOnToolsVersion = 7.2;
						DevelopmentTeam = BM5Y87HJ2F;
						LastSwiftMigration = 0800;
					};
					28F828DF1C4B714D00330CF4 = {
						CreatedOnToolsVersion = 7.2;
						LastSwiftMigration = 0800;
						TestTargetID = 28F828CB1C4B714D00330CF4;
					};
				};
			};
			buildConfigurationList = 28F828C71C4B714D00330CF4 /* Build configuration list for PBXProject "NotchKitExample" */;
			compatibilityVersion = "Xcode 3.2";
			developmentRegion = English;
			hasScannedForEncodings = 0;
			knownRegions = (
				en,
				Base,
			);
			mainGroup = 28F828C31C4B714D00330CF4;
			productRefGroup = 28F828CD1C4B714D00330CF4 /* Products */;
			projectDirPath = "";
			projectRoot = "";
			targets = (
				28F828CB1C4B714D00330CF4 /* NotchKitExample */,
				28F828DF1C4B714D00330CF4 /* NotchKitExampleUITests */,
			);
		};
/* End PBXProject section */

/* Begin PBXResourcesBuildPhase section */
		28F828CA1C4B714D00330CF4 /* Resources */ = {
			isa = PBXResourcesBuildPhase;
			buildActionMask = 2147483647;
			files = (
				28F828DA1C4B714D00330CF4 /* LaunchScreen.storyboard in Resources */,
				28F828D71C4B714D00330CF4 /* Assets.xcassets in Resources */,
			);
			runOnlyForDeploymentPostprocessing = 0;
		};
		28F828DE1C4B714D00330CF4 /* Resources */ = {
			isa = PBXResourcesBuildPhase;
			buildActionMask = 2147483647;
			files = (
			);
			runOnlyForDeploymentPostprocessing = 0;
		};
/* End PBXResourcesBuildPhase section */

/* Begin PBXSourcesBuildPhase section */
		28F828C81C4B714D00330CF4 /* Sources */ = {
			isa = PBXSourcesBuildPhase;
			buildActionMask = 2147483647;
			files = (
				28F828D21C4B714D00330CF4 /* ViewController.swift in Sources */,
				28F828D01C4B714D00330CF4 /* AppDelegate.swift in Sources */,
			);
			runOnlyForDeploymentPostprocessing = 0;
		};
		28F828DC1C4B714D00330CF4 /* Sources */ = {
			isa = PBXSourcesBuildPhase;
			buildActionMask = 2147483647;
			files = (
				287D0A721C4B7877004566D6 /* NotchKitExampleUITests.swift in Sources */,
			);
			runOnlyForDeploymentPostprocessing = 0;
		};
/* End PBXSourcesBuildPhase section */

/* Begin PBXTargetDependency section */
		28F828E21C4B714D00330CF4 /* PBXTargetDependency */ = {
			isa = PBXTargetDependency;
			target = 28F828CB1C4B714D00330CF4 /* NotchKitExample */;
			targetProxy = 28F828E11C4B714D00330CF4 /* PBXContainerItemProxy */;
		};
/* End PBXTargetDependency section */

/* Begin PBXVariantGroup section */
		28F828D81C4B714D00330CF4 /* LaunchScreen.storyboard */ = {
			isa = PBXVariantGroup;
			children = (
				28F828D91C4B714D00330CF4 /* Base */,
			);
			name = LaunchScreen.storyboard;
			sourceTree = "<group>";
		};
/* End PBXVariantGroup section */

/* Begin XCBuildConfiguration section */
		28F828E71C4B714D00330CF4 /* Debug */ = {
			isa = XCBuildConfiguration;
			buildSettings = {
				ALWAYS_SEARCH_USER_PATHS = NO;
				CLANG_CXX_LANGUAGE_STANDARD = "gnu++0x";
				CLANG_CXX_LIBRARY = "libc++";
				CLANG_ENABLE_MODULES = YES;
				CLANG_ENABLE_OBJC_ARC = YES;
				CLANG_WARN_BOOL_CONVERSION = YES;
				CLANG_WARN_CONSTANT_CONVERSION = YES;
				CLANG_WARN_DIRECT_OBJC_ISA_USAGE = YES_ERROR;
				CLANG_WARN_EMPTY_BODY = YES;
				CLANG_WARN_ENUM_CONVERSION = YES;
				CLANG_WARN_INFINITE_RECURSION = YES;
				CLANG_WARN_INT_CONVERSION = YES;
				CLANG_WARN_OBJC_ROOT_CLASS = YES_ERROR;
				CLANG_WARN_SUSPICIOUS_MOVE = YES;
				CLANG_WARN_UNREACHABLE_CODE = YES;
				CLANG_WARN__DUPLICATE_METHOD_MATCH = YES;
				"CODE_SIGN_IDENTITY[sdk=iphoneos*]" = "iPhone Developer";
				COPY_PHASE_STRIP = NO;
				DEBUG_INFORMATION_FORMAT = dwarf;
				ENABLE_STRICT_OBJC_MSGSEND = YES;
				ENABLE_TESTABILITY = YES;
				GCC_C_LANGUAGE_STANDARD = gnu99;
				GCC_DYNAMIC_NO_PIC = NO;
				GCC_NO_COMMON_BLOCKS = YES;
				GCC_OPTIMIZATION_LEVEL = 0;
				GCC_PREPROCESSOR_DEFINITIONS = (
					"DEBUG=1",
					"$(inherited)",
				);
				GCC_WARN_64_TO_32_BIT_CONVERSION = YES;
				GCC_WARN_ABOUT_RETURN_TYPE = YES_ERROR;
				GCC_WARN_UNDECLARED_SELECTOR = YES;
				GCC_WARN_UNINITIALIZED_AUTOS = YES_AGGRESSIVE;
				GCC_WARN_UNUSED_FUNCTION = YES;
				GCC_WARN_UNUSED_VARIABLE = YES;
				IPHONEOS_DEPLOYMENT_TARGET = 11.0;
				MTL_ENABLE_DEBUG_INFO = YES;
				ONLY_ACTIVE_ARCH = YES;
				SDKROOT = iphoneos;
				SWIFT_OPTIMIZATION_LEVEL = "-Onone";
			};
			name = Debug;
		};
		28F828E81C4B714D00330CF4 /* Release */ = {
			isa = XCBuildConfiguration;
			buildSettings = {
				ALWAYS_SEARCH_USER_PATHS = NO;
				CLANG_CXX_LANGUAGE_STANDARD = "gnu++0x";
				CLANG_CXX_LIBRARY = "libc++";
				CLANG_ENABLE_MODULES = YES;
				CLANG_ENABLE_OBJC_ARC = YES;
				CLANG_WARN_BOOL_CONVERSION = YES;
				CLANG_WARN_CONSTANT_CONVERSION = YES;
				CLANG_WARN_DIRECT_OBJC_ISA_USAGE = YES_ERROR;
				CLANG_WARN_EMPTY_BODY = YES;
				CLANG_WARN_ENUM_CONVERSION = YES;
				CLANG_WARN_INFINITE_RECURSION = YES;
				CLANG_WARN_INT_CONVERSION = YES;
				CLANG_WARN_OBJC_ROOT_CLASS = YES_ERROR;
				CLANG_WARN_SUSPICIOUS_MOVE = YES;
				CLANG_WARN_UNREACHABLE_CODE = YES;
				CLANG_WARN__DUPLICATE_METHOD_MATCH = YES;
				"CODE_SIGN_IDENTITY[sdk=iphoneos*]" = "iPhone Developer";
				COPY_PHASE_STRIP = NO;
				DEBUG_INFORMATION_FORMAT = "dwarf-with-dsym";
				ENABLE_NS_ASSERTIONS = NO;
				ENABLE_STRICT_OBJC_MSGSEND = YES;
				GCC_C_LANGUAGE_STANDARD = gnu99;
				GCC_NO_COMMON_BLOCKS = YES;
				GCC_WARN_64_TO_32_BIT_CONVERSION = YES;
				GCC_WARN_ABOUT_RETURN_TYPE = YES_ERROR;
				GCC_WARN_UNDECLARED_SELECTOR = YES;
				GCC_WARN_UNINITIALIZED_AUTOS = YES_AGGRESSIVE;
				GCC_WARN_UNUSED_FUNCTION = YES;
				GCC_WARN_UNUSED_VARIABLE = YES;
				IPHONEOS_DEPLOYMENT_TARGET = 11.0;
				MTL_ENABLE_DEBUG_INFO = NO;
				SDKROOT = iphoneos;
				SWIFT_OPTIMIZATION_LEVEL = "-Owholemodule";
				VALIDATE_PRODUCT = YES;
			};
			name = Release;
		};
		28F828EA1C4B714D00330CF4 /* Debug */ = {
			isa = XCBuildConfiguration;
			buildSettings = {
				ALWAYS_EMBED_SWIFT_STANDARD_LIBRARIES = YES;
				ASSETCATALOG_COMPILER_APPICON_NAME = AppIcon;
				DEVELOPMENT_TEAM = BM5Y87HJ2F;
				INFOPLIST_FILE = "$(SRCROOT)/Sources/Info.plist";
				LD_RUNPATH_SEARCH_PATHS = "$(inherited) @executable_path/Frameworks";
				PRODUCT_BUNDLE_IDENTIFIER = com.harshilshah.NotchKitExample;
				PRODUCT_NAME = "$(TARGET_NAME)";
				SWIFT_VERSION = 3.0;
				TARGETED_DEVICE_FAMILY = "1,2";
			};
			name = Debug;
		};
		28F828EB1C4B714D00330CF4 /* Release */ = {
			isa = XCBuildConfiguration;
			buildSettings = {
				ALWAYS_EMBED_SWIFT_STANDARD_LIBRARIES = YES;
				ASSETCATALOG_COMPILER_APPICON_NAME = AppIcon;
				DEVELOPMENT_TEAM = BM5Y87HJ2F;
				INFOPLIST_FILE = "$(SRCROOT)/Sources/Info.plist";
				LD_RUNPATH_SEARCH_PATHS = "$(inherited) @executable_path/Frameworks";
				PRODUCT_BUNDLE_IDENTIFIER = com.harshilshah.NotchKitExample;
				PRODUCT_NAME = "$(TARGET_NAME)";
				SWIFT_VERSION = 3.0;
				TARGETED_DEVICE_FAMILY = "1,2";
			};
			name = Release;
		};
		28F828ED1C4B714D00330CF4 /* Debug */ = {
			isa = XCBuildConfiguration;
			buildSettings = {
				CLANG_ENABLE_MODULES = YES;
				INFOPLIST_FILE = Example/NotchKitExampleUITests/Info.plist;
				LD_RUNPATH_SEARCH_PATHS = "$(inherited) @executable_path/Frameworks @loader_path/Frameworks";
				PRODUCT_BUNDLE_IDENTIFIER = com.harshilshah.NotchKitExampleUITests;
				PRODUCT_NAME = "$(TARGET_NAME)";
				SWIFT_OPTIMIZATION_LEVEL = "-Onone";
				SWIFT_VERSION = 3.0;
				TEST_TARGET_NAME = NotchKitExample;
				USES_XCTRUNNER = YES;
			};
			name = Debug;
		};
		28F828EE1C4B714D00330CF4 /* Release */ = {
			isa = XCBuildConfiguration;
			buildSettings = {
				CLANG_ENABLE_MODULES = YES;
				INFOPLIST_FILE = Example/NotchKitExampleUITests/Info.plist;
				LD_RUNPATH_SEARCH_PATHS = "$(inherited) @executable_path/Frameworks @loader_path/Frameworks";
				PRODUCT_BUNDLE_IDENTIFIER = com.harshilshah.NotchKitExampleUITests;
				PRODUCT_NAME = "$(TARGET_NAME)";
				SWIFT_VERSION = 3.0;
				TEST_TARGET_NAME = Example;
				USES_XCTRUNNER = YES;
			};
			name = Release;
		};
/* End XCBuildConfiguration section */

/* Begin XCConfigurationList section */
		28F828C71C4B714D00330CF4 /* Build configuration list for PBXProject "NotchKitExample" */ = {
			isa = XCConfigurationList;
			buildConfigurations = (
				28F828E71C4B714D00330CF4 /* Debug */,
				28F828E81C4B714D00330CF4 /* Release */,
			);
			defaultConfigurationIsVisible = 0;
			defaultConfigurationName = Release;
		};
		28F828E91C4B714D00330CF4 /* Build configuration list for PBXNativeTarget "NotchKitExample" */ = {
			isa = XCConfigurationList;
			buildConfigurations = (
				28F828EA1C4B714D00330CF4 /* Debug */,
				28F828EB1C4B714D00330CF4 /* Release */,
			);
			defaultConfigurationIsVisible = 0;
			defaultConfigurationName = Release;
		};
		28F828EC1C4B714D00330CF4 /* Build configuration list for PBXNativeTarget "NotchKitExampleUITests" */ = {
			isa = XCConfigurationList;
			buildConfigurations = (
				28F828ED1C4B714D00330CF4 /* Debug */,
				28F828EE1C4B714D00330CF4 /* Release */,
			);
			defaultConfigurationIsVisible = 0;
			defaultConfigurationName = Release;
		};
/* End XCConfigurationList section */
	};
	rootObject = 28F828C41C4B714D00330CF4 /* Project object */;
}
